// !$*UTF8*$!
{
	archiveVersion = 1;
	classes = {
	};
	objectVersion = 55;
	objects = {

/* Begin PBXBuildFile section */
		62D42BBB2787E0E800470CB5 /* AppDelegate.swift in Sources */ = {isa = PBXBuildFile; fileRef = 62D42BBA2787E0E800470CB5 /* AppDelegate.swift */; };
		62D42BBD2787E0E800470CB5 /* SceneDelegate.swift in Sources */ = {isa = PBXBuildFile; fileRef = 62D42BBC2787E0E800470CB5 /* SceneDelegate.swift */; };
		62D42BBF2787E0E800470CB5 /* ViewController.swift in Sources */ = {isa = PBXBuildFile; fileRef = 62D42BBE2787E0E800470CB5 /* ViewController.swift */; };
		62D42BC22787E0E800470CB5 /* Main.storyboard in Resources */ = {isa = PBXBuildFile; fileRef = 62D42BC02787E0E800470CB5 /* Main.storyboard */; };
		62D42BC42787E0EA00470CB5 /* Assets.xcassets in Resources */ = {isa = PBXBuildFile; fileRef = 62D42BC32787E0EA00470CB5 /* Assets.xcassets */; };
		62D42BC72787E0EA00470CB5 /* LaunchScreen.storyboard in Resources */ = {isa = PBXBuildFile; fileRef = 62D42BC52787E0EA00470CB5 /* LaunchScreen.storyboard */; };
		62D42BCF2787ED6600470CB5 /* UserDataModel.swift in Sources */ = {isa = PBXBuildFile; fileRef = 62D42BCE2787ED6600470CB5 /* UserDataModel.swift */; };
		62D42BD12787EE1300470CB5 /* Box.swift in Sources */ = {isa = PBXBuildFile; fileRef = 62D42BD02787EE1300470CB5 /* Box.swift */; };
		62D42BD32787EEC800470CB5 /* NetworkProvider.swift in Sources */ = {isa = PBXBuildFile; fileRef = 62D42BD22787EEC800470CB5 /* NetworkProvider.swift */; };
		62D42BD52787EF1200470CB5 /* GitHubAPI.swift in Sources */ = {isa = PBXBuildFile; fileRef = 62D42BD42787EF1200470CB5 /* GitHubAPI.swift */; };
		62D42BD72787F4E700470CB5 /* GetUserManger.swift in Sources */ = {isa = PBXBuildFile; fileRef = 62D42BD62787F4E700470CB5 /* GetUserManger.swift */; };
		76379EB4ABFD8786B335B8EB /* Pods_GitHubUserList.framework in Frameworks */ = {isa = PBXBuildFile; fileRef = F9D29455FCC8D5223401BF46 /* Pods_GitHubUserList.framework */; };
/* End PBXBuildFile section */

/* Begin PBXFileReference section */
		17742B0E821FD4C84A8F2BE4 /* Pods-GitHubUserList.release.xcconfig */ = {isa = PBXFileReference; includeInIndex = 1; lastKnownFileType = text.xcconfig; name = "Pods-GitHubUserList.release.xcconfig"; path = "Target Support Files/Pods-GitHubUserList/Pods-GitHubUserList.release.xcconfig"; sourceTree = "<group>"; };
		556B5C031494D0B693ED315E /* Pods-GitHubUserList.debug.xcconfig */ = {isa = PBXFileReference; includeInIndex = 1; lastKnownFileType = text.xcconfig; name = "Pods-GitHubUserList.debug.xcconfig"; path = "Target Support Files/Pods-GitHubUserList/Pods-GitHubUserList.debug.xcconfig"; sourceTree = "<group>"; };
		62D42BB72787E0E800470CB5 /* GitHubUserList.app */ = {isa = PBXFileReference; explicitFileType = wrapper.application; includeInIndex = 0; path = GitHubUserList.app; sourceTree = BUILT_PRODUCTS_DIR; };
		62D42BBA2787E0E800470CB5 /* AppDelegate.swift */ = {isa = PBXFileReference; lastKnownFileType = sourcecode.swift; path = AppDelegate.swift; sourceTree = "<group>"; };
		62D42BBC2787E0E800470CB5 /* SceneDelegate.swift */ = {isa = PBXFileReference; lastKnownFileType = sourcecode.swift; path = SceneDelegate.swift; sourceTree = "<group>"; };
		62D42BBE2787E0E800470CB5 /* ViewController.swift */ = {isa = PBXFileReference; lastKnownFileType = sourcecode.swift; path = ViewController.swift; sourceTree = "<group>"; };
		62D42BC12787E0E800470CB5 /* Base */ = {isa = PBXFileReference; lastKnownFileType = file.storyboard; name = Base; path = Base.lproj/Main.storyboard; sourceTree = "<group>"; };
		62D42BC32787E0EA00470CB5 /* Assets.xcassets */ = {isa = PBXFileReference; lastKnownFileType = folder.assetcatalog; path = Assets.xcassets; sourceTree = "<group>"; };
		62D42BC62787E0EA00470CB5 /* Base */ = {isa = PBXFileReference; lastKnownFileType = file.storyboard; name = Base; path = Base.lproj/LaunchScreen.storyboard; sourceTree = "<group>"; };
		62D42BC82787E0EA00470CB5 /* Info.plist */ = {isa = PBXFileReference; lastKnownFileType = text.plist.xml; path = Info.plist; sourceTree = "<group>"; };
		62D42BCE2787ED6600470CB5 /* UserDataModel.swift */ = {isa = PBXFileReference; lastKnownFileType = sourcecode.swift; path = UserDataModel.swift; sourceTree = "<group>"; };
		62D42BD02787EE1300470CB5 /* Box.swift */ = {isa = PBXFileReference; lastKnownFileType = sourcecode.swift; path = Box.swift; sourceTree = "<group>"; };
		62D42BD22787EEC800470CB5 /* NetworkProvider.swift */ = {isa = PBXFileReference; lastKnownFileType = sourcecode.swift; path = NetworkProvider.swift; sourceTree = "<group>"; };
		62D42BD42787EF1200470CB5 /* GitHubAPI.swift */ = {isa = PBXFileReference; lastKnownFileType = sourcecode.swift; path = GitHubAPI.swift; sourceTree = "<group>"; };
		62D42BD62787F4E700470CB5 /* GetUserManger.swift */ = {isa = PBXFileReference; lastKnownFileType = sourcecode.swift; path = GetUserManger.swift; sourceTree = "<group>"; };
		F9D29455FCC8D5223401BF46 /* Pods_GitHubUserList.framework */ = {isa = PBXFileReference; explicitFileType = wrapper.framework; includeInIndex = 0; path = Pods_GitHubUserList.framework; sourceTree = BUILT_PRODUCTS_DIR; };
/* End PBXFileReference section */

/* Begin PBXFrameworksBuildPhase section */
		62D42BB42787E0E800470CB5 /* Frameworks */ = {
			isa = PBXFrameworksBuildPhase;
			buildActionMask = 2147483647;
			files = (
				76379EB4ABFD8786B335B8EB /* Pods_GitHubUserList.framework in Frameworks */,
			);
			runOnlyForDeploymentPostprocessing = 0;
		};
/* End PBXFrameworksBuildPhase section */

/* Begin PBXGroup section */
		62D42BAE2787E0E800470CB5 = {
			isa = PBXGroup;
			children = (
				62D42BB92787E0E800470CB5 /* GitHubUserList */,
				62D42BB82787E0E800470CB5 /* Products */,
				74E5704FF1CE081171249974 /* Pods */,
				9368451A6FCB49956D6F8148 /* Frameworks */,
			);
			sourceTree = "<group>";
		};
		62D42BB82787E0E800470CB5 /* Products */ = {
			isa = PBXGroup;
			children = (
				62D42BB72787E0E800470CB5 /* GitHubUserList.app */,
			);
			name = Products;
			sourceTree = "<group>";
		};
		62D42BB92787E0E800470CB5 /* GitHubUserList */ = {
			isa = PBXGroup;
			children = (
				62D42BBA2787E0E800470CB5 /* AppDelegate.swift */,
				62D42BBC2787E0E800470CB5 /* SceneDelegate.swift */,
				62D42BBE2787E0E800470CB5 /* ViewController.swift */,
				62D42BD22787EEC800470CB5 /* NetworkProvider.swift */,
				62D42BD42787EF1200470CB5 /* GitHubAPI.swift */,
				62D42BC02787E0E800470CB5 /* Main.storyboard */,
				62D42BC32787E0EA00470CB5 /* Assets.xcassets */,
				62D42BC52787E0EA00470CB5 /* LaunchScreen.storyboard */,
				62D42BC82787E0EA00470CB5 /* Info.plist */,
				62D42BCE2787ED6600470CB5 /* UserDataModel.swift */,
				62D42BD02787EE1300470CB5 /* Box.swift */,
				62D42BD62787F4E700470CB5 /* GetUserManger.swift */,
			);
			path = GitHubUserList;
			sourceTree = "<group>";
		};
		74E5704FF1CE081171249974 /* Pods */ = {
			isa = PBXGroup;
			children = (
				556B5C031494D0B693ED315E /* Pods-GitHubUserList.debug.xcconfig */,
				17742B0E821FD4C84A8F2BE4 /* Pods-GitHubUserList.release.xcconfig */,
			);
			path = Pods;
			sourceTree = "<group>";
		};
		9368451A6FCB49956D6F8148 /* Frameworks */ = {
			isa = PBXGroup;
			children = (
				F9D29455FCC8D5223401BF46 /* Pods_GitHubUserList.framework */,
			);
			name = Frameworks;
			sourceTree = "<group>";
		};
/* End PBXGroup section */

/* Begin PBXNativeTarget section */
		62D42BB62787E0E800470CB5 /* GitHubUserList */ = {
			isa = PBXNativeTarget;
			buildConfigurationList = 62D42BCB2787E0EA00470CB5 /* Build configuration list for PBXNativeTarget "GitHubUserList" */;
			buildPhases = (
				FCA5DDC51F4F32F1E3C96D5C /* [CP] Check Pods Manifest.lock */,
				62D42BB32787E0E800470CB5 /* Sources */,
				62D42BB42787E0E800470CB5 /* Frameworks */,
				62D42BB52787E0E800470CB5 /* Resources */,
				F69D0E588255B7047AF8BCB8 /* [CP] Embed Pods Frameworks */,
			);
			buildRules = (
			);
			dependencies = (
			);
			name = GitHubUserList;
			productName = GitHubUserList;
			productReference = 62D42BB72787E0E800470CB5 /* GitHubUserList.app */;
			productType = "com.apple.product-type.application";
		};
/* End PBXNativeTarget section */

/* Begin PBXProject section */
		62D42BAF2787E0E800470CB5 /* Project object */ = {
			isa = PBXProject;
			attributes = {
				BuildIndependentTargetsInParallel = 1;
				LastSwiftUpdateCheck = 1300;
				LastUpgradeCheck = 1300;
				TargetAttributes = {
					62D42BB62787E0E800470CB5 = {
						CreatedOnToolsVersion = 13.0;
					};
				};
			};
			buildConfigurationList = 62D42BB22787E0E800470CB5 /* Build configuration list for PBXProject "GitHubUserList" */;
			compatibilityVersion = "Xcode 13.0";
			developmentRegion = en;
			hasScannedForEncodings = 0;
			knownRegions = (
				en,
				Base,
			);
			mainGroup = 62D42BAE2787E0E800470CB5;
			productRefGroup = 62D42BB82787E0E800470CB5 /* Products */;
			projectDirPath = "";
			projectRoot = "";
			targets = (
				62D42BB62787E0E800470CB5 /* GitHubUserList */,
			);
		};
/* End PBXProject section */

/* Begin PBXResourcesBuildPhase section */
		62D42BB52787E0E800470CB5 /* Resources */ = {
			isa = PBXResourcesBuildPhase;
			buildActionMask = 2147483647;
			files = (
				62D42BC72787E0EA00470CB5 /* LaunchScreen.storyboard in Resources */,
				62D42BC42787E0EA00470CB5 /* Assets.xcassets in Resources */,
				62D42BC22787E0E800470CB5 /* Main.storyboard in Resources */,
			);
			runOnlyForDeploymentPostprocessing = 0;
		};
/* End PBXResourcesBuildPhase section */

/* Begin PBXShellScriptBuildPhase section */
		F69D0E588255B7047AF8BCB8 /* [CP] Embed Pods Frameworks */ = {
			isa = PBXShellScriptBuildPhase;
			buildActionMask = 2147483647;
			files = (
			);
			inputFileListPaths = (
				"${PODS_ROOT}/Target Support Files/Pods-GitHubUserList/Pods-GitHubUserList-frameworks-${CONFIGURATION}-input-files.xcfilelist",
			);
			name = "[CP] Embed Pods Frameworks";
			outputFileListPaths = (
				"${PODS_ROOT}/Target Support Files/Pods-GitHubUserList/Pods-GitHubUserList-frameworks-${CONFIGURATION}-output-files.xcfilelist",
			);
			runOnlyForDeploymentPostprocessing = 0;
			shellPath = /bin/sh;
			shellScript = "\"${PODS_ROOT}/Target Support Files/Pods-GitHubUserList/Pods-GitHubUserList-frameworks.sh\"\n";
			showEnvVarsInLog = 0;
		};
		FCA5DDC51F4F32F1E3C96D5C /* [CP] Check Pods Manifest.lock */ = {
			isa = PBXShellScriptBuildPhase;
			buildActionMask = 2147483647;
			files = (
			);
			inputFileListPaths = (
			);
			inputPaths = (
				"${PODS_PODFILE_DIR_PATH}/Podfile.lock",
				"${PODS_ROOT}/Manifest.lock",
			);
			name = "[CP] Check Pods Manifest.lock";
			outputFileListPaths = (
			);
			outputPaths = (
				"$(DERIVED_FILE_DIR)/Pods-GitHubUserList-checkManifestLockResult.txt",
			);
			runOnlyForDeploymentPostprocessing = 0;
			shellPath = /bin/sh;
			shellScript = "diff \"${PODS_PODFILE_DIR_PATH}/Podfile.lock\" \"${PODS_ROOT}/Manifest.lock\" > /dev/null\nif [ $? != 0 ] ; then\n    # print error to STDERR\n    echo \"error: The sandbox is not in sync with the Podfile.lock. Run 'pod install' or update your CocoaPods installation.\" >&2\n    exit 1\nfi\n# This output is used by Xcode 'outputs' to avoid re-running this script phase.\necho \"SUCCESS\" > \"${SCRIPT_OUTPUT_FILE_0}\"\n";
			showEnvVarsInLog = 0;
		};
/* End PBXShellScriptBuildPhase section */

/* Begin PBXSourcesBuildPhase section */
		62D42BB32787E0E800470CB5 /* Sources */ = {
			isa = PBXSourcesBuildPhase;
			buildActionMask = 2147483647;
			files = (
				62D42BCF2787ED6600470CB5 /* UserDataModel.swift in Sources */,
				62D42BBF2787E0E800470CB5 /* ViewController.swift in Sources */,
				62D42BBB2787E0E800470CB5 /* AppDelegate.swift in Sources */,
				62D42BBD2787E0E800470CB5 /* SceneDelegate.swift in Sources */,
				62D42BD12787EE1300470CB5 /* Box.swift in Sources */,
				62D42BD52787EF1200470CB5 /* GitHubAPI.swift in Sources */,
				62D42BD32787EEC800470CB5 /* NetworkProvider.swift in Sources */,
				62D42BD72787F4E700470CB5 /* GetUserManger.swift in Sources */,
			);
			runOnlyForDeploymentPostprocessing = 0;
		};
/* End PBXSourcesBuildPhase section */

/* Begin PBXVariantGroup section */
		62D42BC02787E0E800470CB5 /* Main.storyboard */ = {
			isa = PBXVariantGroup;
			children = (
				62D42BC12787E0E800470CB5 /* Base */,
			);
			name = Main.storyboard;
			sourceTree = "<group>";
		};
		62D42BC52787E0EA00470CB5 /* LaunchScreen.storyboard */ = {
			isa = PBXVariantGroup;
			children = (
				62D42BC62787E0EA00470CB5 /* Base */,
			);
			name = LaunchScreen.storyboard;
			sourceTree = "<group>";
		};
/* End PBXVariantGroup section */

/* Begin XCBuildConfiguration section */
		62D42BC92787E0EA00470CB5 /* Debug */ = {
			isa = XCBuildConfiguration;
			buildSettings = {
				ALWAYS_SEARCH_USER_PATHS = NO;
				CLANG_ANALYZER_NONNULL = YES;
				CLANG_ANALYZER_NUMBER_OBJECT_CONVERSION = YES_AGGRESSIVE;
				CLANG_CXX_LANGUAGE_STANDARD = "gnu++17";
				CLANG_CXX_LIBRARY = "libc++";
				CLANG_ENABLE_MODULES = YES;
				CLANG_ENABLE_OBJC_ARC = YES;
				CLANG_ENABLE_OBJC_WEAK = YES;
				CLANG_WARN_BLOCK_CAPTURE_AUTORELEASING = YES;
				CLANG_WARN_BOOL_CONVERSION = YES;
				CLANG_WARN_COMMA = YES;
				CLANG_WARN_CONSTANT_CONVERSION = YES;
				CLANG_WARN_DEPRECATED_OBJC_IMPLEMENTATIONS = YES;
				CLANG_WARN_DIRECT_OBJC_ISA_USAGE = YES_ERROR;
				CLANG_WARN_DOCUMENTATION_COMMENTS = YES;
				CLANG_WARN_EMPTY_BODY = YES;
				CLANG_WARN_ENUM_CONVERSION = YES;
				CLANG_WARN_INFINITE_RECURSION = YES;
				CLANG_WARN_INT_CONVERSION = YES;
				CLANG_WARN_NON_LITERAL_NULL_CONVERSION = YES;
				CLANG_WARN_OBJC_IMPLICIT_RETAIN_SELF = YES;
				CLANG_WARN_OBJC_LITERAL_CONVERSION = YES;
				CLANG_WARN_OBJC_ROOT_CLASS = YES_ERROR;
				CLANG_WARN_QUOTED_INCLUDE_IN_FRAMEWORK_HEADER = YES;
				CLANG_WARN_RANGE_LOOP_ANALYSIS = YES;
				CLANG_WARN_STRICT_PROTOTYPES = YES;
				CLANG_WARN_SUSPICIOUS_MOVE = YES;
				CLANG_WARN_UNGUARDED_AVAILABILITY = YES_AGGRESSIVE;
				CLANG_WARN_UNREACHABLE_CODE = YES;
				CLANG_WARN__DUPLICATE_METHOD_MATCH = YES;
				COPY_PHASE_STRIP = NO;
				DEBUG_INFORMATION_FORMAT = dwarf;
				ENABLE_STRICT_OBJC_MSGSEND = YES;
				ENABLE_TESTABILITY = YES;
				GCC_C_LANGUAGE_STANDARD = gnu11;
				GCC_DYNAMIC_NO_PIC = NO;
				GCC_NO_COMMON_BLOCKS = YES;
				GCC_OPTIMIZATION_LEVEL = 0;
				GCC_PREPROCESSOR_DEFINITIONS = (
					"DEBUG=1",
					"$(inherited)",
				);
				GCC_WARN_64_TO_32_BIT_CONVERSION = YES;
				GCC_WARN_ABOUT_RETURN_TYPE = YES_ERROR;
				GCC_WARN_UNDECLARED_SELECTOR = YES;
				GCC_WARN_UNINITIALIZED_AUTOS = YES_AGGRESSIVE;
				GCC_WARN_UNUSED_FUNCTION = YES;
				GCC_WARN_UNUSED_VARIABLE = YES;
				IPHONEOS_DEPLOYMENT_TARGET = 15.0;
				MTL_ENABLE_DEBUG_INFO = INCLUDE_SOURCE;
				MTL_FAST_MATH = YES;
				ONLY_ACTIVE_ARCH = YES;
				SDKROOT = iphoneos;
				SWIFT_ACTIVE_COMPILATION_CONDITIONS = DEBUG;
				SWIFT_OPTIMIZATION_LEVEL = "-Onone";
			};
			name = Debug;
		};
		62D42BCA2787E0EA00470CB5 /* Release */ = {
			isa = XCBuildConfiguration;
			buildSettings = {
				ALWAYS_SEARCH_USER_PATHS = NO;
				CLANG_ANALYZER_NONNULL = YES;
				CLANG_ANALYZER_NUMBER_OBJECT_CONVERSION = YES_AGGRESSIVE;
				CLANG_CXX_LANGUAGE_STANDARD = "gnu++17";
				CLANG_CXX_LIBRARY = "libc++";
				CLANG_ENABLE_MODULES = YES;
				CLANG_ENABLE_OBJC_ARC = YES;
				CLANG_ENABLE_OBJC_WEAK = YES;
				CLANG_WARN_BLOCK_CAPTURE_AUTORELEASING = YES;
				CLANG_WARN_BOOL_CONVERSION = YES;
				CLANG_WARN_COMMA = YES;
				CLANG_WARN_CONSTANT_CONVERSION = YES;
				CLANG_WARN_DEPRECATED_OBJC_IMPLEMENTATIONS = YES;
				CLANG_WARN_DIRECT_OBJC_ISA_USAGE = YES_ERROR;
				CLANG_WARN_DOCUMENTATION_COMMENTS = YES;
				CLANG_WARN_EMPTY_BODY = YES;
				CLANG_WARN_ENUM_CONVERSION = YES;
				CLANG_WARN_INFINITE_RECURSION = YES;
				CLANG_WARN_INT_CONVERSION = YES;
				CLANG_WARN_NON_LITERAL_NULL_CONVERSION = YES;
				CLANG_WARN_OBJC_IMPLICIT_RETAIN_SELF = YES;
				CLANG_WARN_OBJC_LITERAL_CONVERSION = YES;
				CLANG_WARN_OBJC_ROOT_CLASS = YES_ERROR;
				CLANG_WARN_QUOTED_INCLUDE_IN_FRAMEWORK_HEADER = YES;
				CLANG_WARN_RANGE_LOOP_ANALYSIS = YES;
				CLANG_WARN_STRICT_PROTOTYPES = YES;
				CLANG_WARN_SUSPICIOUS_MOVE = YES;
				CLANG_WARN_UNGUARDED_AVAILABILITY = YES_AGGRESSIVE;
				CLANG_WARN_UNREACHABLE_CODE = YES;
				CLANG_WARN__DUPLICATE_METHOD_MATCH = YES;
				COPY_PHASE_STRIP = NO;
				DEBUG_INFORMATION_FORMAT = "dwarf-with-dsym";
				ENABLE_NS_ASSERTIONS = NO;
				ENABLE_STRICT_OBJC_MSGSEND = YES;
				GCC_C_LANGUAGE_STANDARD = gnu11;
				GCC_NO_COMMON_BLOCKS = YES;
				GCC_WARN_64_TO_32_BIT_CONVERSION = YES;
				GCC_WARN_ABOUT_RETURN_TYPE = YES_ERROR;
				GCC_WARN_UNDECLARED_SELECTOR = YES;
				GCC_WARN_UNINITIALIZED_AUTOS = YES_AGGRESSIVE;
				GCC_WARN_UNUSED_FUNCTION = YES;
				GCC_WARN_UNUSED_VARIABLE = YES;
				IPHONEOS_DEPLOYMENT_TARGET = 15.0;
				MTL_ENABLE_DEBUG_INFO = NO;
				MTL_FAST_MATH = YES;
				SDKROOT = iphoneos;
				SWIFT_COMPILATION_MODE = wholemodule;
				SWIFT_OPTIMIZATION_LEVEL = "-O";
				VALIDATE_PRODUCT = YES;
			};
			name = Release;
		};
		62D42BCC2787E0EA00470CB5 /* Debug */ = {
			isa = XCBuildConfiguration;
			baseConfigurationReference = 556B5C031494D0B693ED315E /* Pods-GitHubUserList.debug.xcconfig */;
			buildSettings = {
				ASSETCATALOG_COMPILER_APPICON_NAME = AppIcon;
				ASSETCATALOG_COMPILER_GLOBAL_ACCENT_COLOR_NAME = AccentColor;
				CODE_SIGN_STYLE = Automatic;
				CURRENT_PROJECT_VERSION = 1;
				DEVELOPMENT_TEAM = 94F23Z62YB;
				GENERATE_INFOPLIST_FILE = YES;
				INFOPLIST_FILE = GitHubUserList/Info.plist;
				INFOPLIST_KEY_UIApplicationSupportsIndirectInputEvents = YES;
				INFOPLIST_KEY_UILaunchStoryboardName = LaunchScreen;
				INFOPLIST_KEY_UIMainStoryboardFile = Main;
				INFOPLIST_KEY_UISupportedInterfaceOrientations_iPad = "UIInterfaceOrientationPortrait UIInterfaceOrientationPortraitUpsideDown UIInterfaceOrientationLandscapeLeft UIInterfaceOrientationLandscapeRight";
				INFOPLIST_KEY_UISupportedInterfaceOrientations_iPhone = "UIInterfaceOrientationPortrait UIInterfaceOrientationLandscapeLeft UIInterfaceOrientationLandscapeRight";
				LD_RUNPATH_SEARCH_PATHS = (
					"$(inherited)",
					"@executable_path/Frameworks",
				);
				MARKETING_VERSION = 1.0;
				PRODUCT_BUNDLE_IDENTIFIER = yulin.GitHubUserList;
				PRODUCT_NAME = "$(TARGET_NAME)";
				SWIFT_EMIT_LOC_STRINGS = YES;
				SWIFT_VERSION = 5.0;
				TARGETED_DEVICE_FAMILY = "1,2";
			};
			name = Debug;
		};
		62D42BCD2787E0EA00470CB5 /* Release */ = {
			isa = XCBuildConfiguration;
			baseConfigurationReference = 17742B0E821FD4C84A8F2BE4 /* Pods-GitHubUserList.release.xcconfig */;
			buildSettings = {
				ASSETCATALOG_COMPILER_APPICON_NAME = AppIcon;
				ASSETCATALOG_COMPILER_GLOBAL_ACCENT_COLOR_NAME = AccentColor;
				CODE_SIGN_STYLE = Automatic;
				CURRENT_PROJECT_VERSION = 1;
				DEVELOPMENT_TEAM = 94F23Z62YB;
				GENERATE_INFOPLIST_FILE = YES;
				INFOPLIST_FILE = GitHubUserList/Info.plist;
				INFOPLIST_KEY_UIApplicationSupportsIndirectInputEvents = YES;
				INFOPLIST_KEY_UILaunchStoryboardName = LaunchScreen;
				INFOPLIST_KEY_UIMainStoryboardFile = Main;
				INFOPLIST_KEY_UISupportedInterfaceOrientations_iPad = "UIInterfaceOrientationPortrait UIInterfaceOrientationPortraitUpsideDown UIInterfaceOrientationLandscapeLeft UIInterfaceOrientationLandscapeRight";
				INFOPLIST_KEY_UISupportedInterfaceOrientations_iPhone = "UIInterfaceOrientationPortrait UIInterfaceOrientationLandscapeLeft UIInterfaceOrientationLandscapeRight";
				LD_RUNPATH_SEARCH_PATHS = (
					"$(inherited)",
					"@executable_path/Frameworks",
				);
				MARKETING_VERSION = 1.0;
				PRODUCT_BUNDLE_IDENTIFIER = yulin.GitHubUserList;
				PRODUCT_NAME = "$(TARGET_NAME)";
				SWIFT_EMIT_LOC_STRINGS = YES;
				SWIFT_VERSION = 5.0;
				TARGETED_DEVICE_FAMILY = "1,2";
			};
			name = Release;
		};
/* End XCBuildConfiguration section */

/* Begin XCConfigurationList section */
		62D42BB22787E0E800470CB5 /* Build configuration list for PBXProject "GitHubUserList" */ = {
			isa = XCConfigurationList;
			buildConfigurations = (
				62D42BC92787E0EA00470CB5 /* Debug */,
				62D42BCA2787E0EA00470CB5 /* Release */,
			);
			defaultConfigurationIsVisible = 0;
			defaultConfigurationName = Release;
		};
		62D42BCB2787E0EA00470CB5 /* Build configuration list for PBXNativeTarget "GitHubUserList" */ = {
			isa = XCConfigurationList;
			buildConfigurations = (
				62D42BCC2787E0EA00470CB5 /* Debug */,
				62D42BCD2787E0EA00470CB5 /* Release */,
			);
			defaultConfigurationIsVisible = 0;
			defaultConfigurationName = Release;
		};
/* End XCConfigurationList section */
	};
	rootObject = 62D42BAF2787E0E800470CB5 /* Project object */;
}
